
Microsoft Visual Studio Solution File, Format Version 12.00
# Visual Studio Version 16
VisualStudioVersion = 16.0.30626.31
MinimumVisualStudioVersion = 10.0.40219.1
Project("{9A19103F-16F7-4668-BE54-9A1E7A4F7556}") = "MongoDbProject", "MongoDbProject\MongoDbProject.csproj", "{9466E87C-0D00-4E25-9226-504FDEF48843}"
EndProject
Project("{FAE04EC0-301F-11D3-BF4B-00C04F79EFBC}") = "EfProject", "EfProject\EfProject.csproj", "{8B3DE650-BE3C-4597-92C6-2EFCCE010112}"
EndProject
Global
	GlobalSection(SolutionConfigurationPlatforms) = preSolution
		Debug|Any CPU = Debug|Any CPU
		Release|Any CPU = Release|Any CPU
	EndGlobalSection
	GlobalSection(ProjectConfigurationPlatforms) = postSolution
		{9466E87C-0D00-4E25-9226-504FDEF48843}.Debug|Any CPU.ActiveCfg = Debug|Any CPU
		{9466E87C-0D00-4E25-9226-504FDEF48843}.Debug|Any CPU.Build.0 = Debug|Any CPU
		{9466E87C-0D00-4E25-9226-504FDEF48843}.Release|Any CPU.ActiveCfg = Release|Any CPU
		{9466E87C-0D00-4E25-9226-504FDEF48843}.Release|Any CPU.Build.0 = Release|Any CPU
		{8B3DE650-BE3C-4597-92C6-2EFCCE010112}.Debug|Any CPU.ActiveCfg = Debug|Any CPU
		{8B3DE650-BE3C-4597-92C6-2EFCCE010112}.Debug|Any CPU.Build.0 = Debug|Any CPU
		{8B3DE650-BE3C-4597-92C6-2EFCCE010112}.Release|Any CPU.ActiveCfg = Release|Any CPU
		{8B3DE650-BE3C-4597-92C6-2EFCCE010112}.Release|Any CPU.Build.0 = Release|Any CPU
	EndGlobalSection
	GlobalSection(SolutionProperties) = preSolution
		HideSolutionNode = FALSE
	EndGlobalSection
	GlobalSection(ExtensibilityGlobals) = postSolution
		SolutionGuid = {E4D5CF52-6E9D-4DE4-B65F-CAB5BF75D444}
	EndGlobalSection
EndGlobal
